
Microsoft Visual Studio Solution File, Format Version 12.00
# Visual Studio Version 16
VisualStudioVersion = 16.0.30413.136
MinimumVisualStudioVersion = 10.0.40219.1
Project("{FAE04EC0-301F-11D3-BF4B-00C04F79EFBC}") = "QuickSort", "QuickSort\QuickSort.csproj", "{94C519E7-FABE-4989-8D2E-3E61D1B8EFF7}"
EndProject
Project("{FAE04EC0-301F-11D3-BF4B-00C04F79EFBC}") = "QuickSortTest", "QuickSortTest\QuickSortTest.csproj", "{78B74978-AB9F-4CDD-A13D-AF29919DC84D}"
EndProject
Global
	GlobalSection(SolutionConfigurationPlatforms) = preSolution
		Debug|Any CPU = Debug|Any CPU
		Release|Any CPU = Release|Any CPU
	EndGlobalSection
	GlobalSection(ProjectConfigurationPlatforms) = postSolution
		{94C519E7-FABE-4989-8D2E-3E61D1B8EFF7}.Debug|Any CPU.ActiveCfg = Debug|Any CPU
		{94C519E7-FABE-4989-8D2E-3E61D1B8EFF7}.Debug|Any CPU.Build.0 = Debug|Any CPU
		{94C519E7-FABE-4989-8D2E-3E61D1B8EFF7}.Release|Any CPU.ActiveCfg = Release|Any CPU
		{94C519E7-FABE-4989-8D2E-3E61D1B8EFF7}.Release|Any CPU.Build.0 = Release|Any CPU
		{78B74978-AB9F-4CDD-A13D-AF29919DC84D}.Debug|Any CPU.ActiveCfg = Debug|Any CPU
		{78B74978-AB9F-4CDD-A13D-AF29919DC84D}.Debug|Any CPU.Build.0 = Debug|Any CPU
		{78B74978-AB9F-4CDD-A13D-AF29919DC84D}.Release|Any CPU.ActiveCfg = Release|Any CPU
		{78B74978-AB9F-4CDD-A13D-AF29919DC84D}.Release|Any CPU.Build.0 = Release|Any CPU
	EndGlobalSection
	GlobalSection(SolutionProperties) = preSolution
		HideSolutionNode = FALSE
	EndGlobalSection
	GlobalSection(ExtensibilityGlobals) = postSolution
		SolutionGuid = {BA9596AD-4294-4EE1-830D-04C4A9BB0BB7}
	EndGlobalSection
EndGlobal
